
Microsoft Visual Studio Solution File, Format Version 12.00
# Visual Studio 15
VisualStudioVersion = 15.0.28307.779
MinimumVisualStudioVersion = 10.0.40219.1
Project("{FAE04EC0-301F-11D3-BF4B-00C04F79EFBC}") = "Brakes", "Brakes\Brakes.csproj", "{AA803277-9E7D-418A-B4F6-C5F1AA358B1A}"
EndProject
Project("{FAE04EC0-301F-11D3-BF4B-00C04F79EFBC}") = "Assignment6TryIt", "Assignment6TryIt\Assignment6TryIt.csproj", "{194B038B-E181-4886-9C6A-30C0174BD4D0}"
	ProjectSection(ProjectDependencies) = postProject
		{AA803277-9E7D-418A-B4F6-C5F1AA358B1A} = {AA803277-9E7D-418A-B4F6-C5F1AA358B1A}
	EndProjectSection
EndProject
Global
	GlobalSection(SolutionConfigurationPlatforms) = preSolution
		Debug|Any CPU = Debug|Any CPU
		Release|Any CPU = Release|Any CPU
	EndGlobalSection
	GlobalSection(ProjectConfigurationPlatforms) = postSolution
		{AA803277-9E7D-418A-B4F6-C5F1AA358B1A}.Debug|Any CPU.ActiveCfg = Debug|Any CPU
		{AA803277-9E7D-418A-B4F6-C5F1AA358B1A}.Debug|Any CPU.Build.0 = Debug|Any CPU
		{AA803277-9E7D-418A-B4F6-C5F1AA358B1A}.Release|Any CPU.ActiveCfg = Release|Any CPU
		{AA803277-9E7D-418A-B4F6-C5F1AA358B1A}.Release|Any CPU.Build.0 = Release|Any CPU
		{194B038B-E181-4886-9C6A-30C0174BD4D0}.Debug|Any CPU.ActiveCfg = Debug|Any CPU
		{194B038B-E181-4886-9C6A-30C0174BD4D0}.Debug|Any CPU.Build.0 = Debug|Any CPU
		{194B038B-E181-4886-9C6A-30C0174BD4D0}.Release|Any CPU.ActiveCfg = Release|Any CPU
		{194B038B-E181-4886-9C6A-30C0174BD4D0}.Release|Any CPU.Build.0 = Release|Any CPU
	EndGlobalSection
	GlobalSection(SolutionProperties) = preSolution
		HideSolutionNode = FALSE
	EndGlobalSection
	GlobalSection(ExtensibilityGlobals) = postSolution
		SolutionGuid = {B8115E6B-5F15-4C89-8CFE-92027F9609C2}
	EndGlobalSection
EndGlobal
