
Microsoft Visual Studio Solution File, Format Version 12.00
# Visual Studio 15
VisualStudioVersion = 15.0.28307.779
MinimumVisualStudioVersion = 10.0.40219.1
Project("{FAE04EC0-301F-11D3-BF4B-00C04F79EFBC}") = "Q3_TemperatureWcf", "Project_1\Q3_TemperatureWcf.csproj", "{2A04FBEE-80CD-4F01-AFAB-236F76CA5DE1}"
EndProject
Project("{FAE04EC0-301F-11D3-BF4B-00C04F79EFBC}") = "PiFormsApp", "WindowsFormsApp1\PiFormsApp.csproj", "{7F991411-A089-4B08-800F-D06B010664E1}"
	ProjectSection(ProjectDependencies) = postProject
		{2A04FBEE-80CD-4F01-AFAB-236F76CA5DE1} = {2A04FBEE-80CD-4F01-AFAB-236F76CA5DE1}
	EndProjectSection
EndProject
Project("{FAE04EC0-301F-11D3-BF4B-00C04F79EFBC}") = "TestWcfServiceConsoleApp", "TestWcfServiceConsoleApp\TestWcfServiceConsoleApp.csproj", "{CF5ED64F-1BEB-457A-A3F4-E7F5E22A00A3}"
	ProjectSection(ProjectDependencies) = postProject
		{2A04FBEE-80CD-4F01-AFAB-236F76CA5DE1} = {2A04FBEE-80CD-4F01-AFAB-236F76CA5DE1}
	EndProjectSection
EndProject
Project("{FAE04EC0-301F-11D3-BF4B-00C04F79EFBC}") = "Q2_SortingWcf", "WcfService2\Q2_SortingWcf.csproj", "{693DD49E-B443-4E40-801E-DB3E05994E5B}"
EndProject
Project("{FAE04EC0-301F-11D3-BF4B-00C04F79EFBC}") = "Q1_TemperatureFormsApp", "WindowsFormsApp2\Q1_TemperatureFormsApp.csproj", "{4185E602-78E6-4942-9D15-F1041E140B4B}"
	ProjectSection(ProjectDependencies) = postProject
		{2A04FBEE-80CD-4F01-AFAB-236F76CA5DE1} = {2A04FBEE-80CD-4F01-AFAB-236F76CA5DE1}
	EndProjectSection
EndProject
Project("{E24C65DC-7377-472B-9ABA-BC803B73C61A}") = "SortingWebSite", "SortingWebSite\", "{C19B1630-2A83-4A53-BEFB-8E873E170024}"
	ProjectSection(WebsiteProperties) = preProject
		TargetFrameworkMoniker = ".NETFramework,Version%3Dv4.6.1"
		Debug.AspNetCompiler.VirtualPath = "/localhost_62813"
		Debug.AspNetCompiler.PhysicalPath = "SortingWebSite\"
		Debug.AspNetCompiler.TargetPath = "PrecompiledWeb\localhost_62813\"
		Debug.AspNetCompiler.Updateable = "true"
		Debug.AspNetCompiler.ForceOverwrite = "true"
		Debug.AspNetCompiler.FixedNames = "false"
		Debug.AspNetCompiler.Debug = "True"
		Release.AspNetCompiler.VirtualPath = "/localhost_62813"
		Release.AspNetCompiler.PhysicalPath = "SortingWebSite\"
		Release.AspNetCompiler.TargetPath = "PrecompiledWeb\localhost_62813\"
		Release.AspNetCompiler.Updateable = "true"
		Release.AspNetCompiler.ForceOverwrite = "true"
		Release.AspNetCompiler.FixedNames = "false"
		Release.AspNetCompiler.Debug = "False"
		VWDPort = "62813"
		SlnRelativePath = "SortingWebSite\"
		DefaultWebSiteLanguage = "Visual C#"
	EndProjectSection
	ProjectSection(ProjectDependencies) = postProject
		{693DD49E-B443-4E40-801E-DB3E05994E5B} = {693DD49E-B443-4E40-801E-DB3E05994E5B}
	EndProjectSection
EndProject
Project("{FAE04EC0-301F-11D3-BF4B-00C04F79EFBC}") = "WebBrowser", "WebBrowser\WebBrowser.csproj", "{D98778B9-930F-4243-A389-7FF4440BAFD5}"
EndProject
Global
	GlobalSection(SolutionConfigurationPlatforms) = preSolution
		Debug|Any CPU = Debug|Any CPU
		Debug|ARM = Debug|ARM
		Debug|ARM64 = Debug|ARM64
		Debug|x64 = Debug|x64
		Debug|x86 = Debug|x86
		Release|Any CPU = Release|Any CPU
		Release|ARM = Release|ARM
		Release|ARM64 = Release|ARM64
		Release|x64 = Release|x64
		Release|x86 = Release|x86
	EndGlobalSection
	GlobalSection(ProjectConfigurationPlatforms) = postSolution
		{2A04FBEE-80CD-4F01-AFAB-236F76CA5DE1}.Debug|Any CPU.ActiveCfg = Debug|Any CPU
		{2A04FBEE-80CD-4F01-AFAB-236F76CA5DE1}.Debug|Any CPU.Build.0 = Debug|Any CPU
		{2A04FBEE-80CD-4F01-AFAB-236F76CA5DE1}.Debug|ARM.ActiveCfg = Debug|Any CPU
		{2A04FBEE-80CD-4F01-AFAB-236F76CA5DE1}.Debug|ARM.Build.0 = Debug|Any CPU
		{2A04FBEE-80CD-4F01-AFAB-236F76CA5DE1}.Debug|ARM64.ActiveCfg = Debug|Any CPU
		{2A04FBEE-80CD-4F01-AFAB-236F76CA5DE1}.Debug|ARM64.Build.0 = Debug|Any CPU
		{2A04FBEE-80CD-4F01-AFAB-236F76CA5DE1}.Debug|x64.ActiveCfg = Debug|Any CPU
		{2A04FBEE-80CD-4F01-AFAB-236F76CA5DE1}.Debug|x64.Build.0 = Debug|Any CPU
		{2A04FBEE-80CD-4F01-AFAB-236F76CA5DE1}.Debug|x86.ActiveCfg = Debug|Any CPU
		{2A04FBEE-80CD-4F01-AFAB-236F76CA5DE1}.Debug|x86.Build.0 = Debug|Any CPU
		{2A04FBEE-80CD-4F01-AFAB-236F76CA5DE1}.Release|Any CPU.ActiveCfg = Release|Any CPU
		{2A04FBEE-80CD-4F01-AFAB-236F76CA5DE1}.Release|Any CPU.Build.0 = Release|Any CPU
		{2A04FBEE-80CD-4F01-AFAB-236F76CA5DE1}.Release|ARM.ActiveCfg = Release|Any CPU
		{2A04FBEE-80CD-4F01-AFAB-236F76CA5DE1}.Release|ARM.Build.0 = Release|Any CPU
		{2A04FBEE-80CD-4F01-AFAB-236F76CA5DE1}.Release|ARM64.ActiveCfg = Release|Any CPU
		{2A04FBEE-80CD-4F01-AFAB-236F76CA5DE1}.Release|ARM64.Build.0 = Release|Any CPU
		{2A04FBEE-80CD-4F01-AFAB-236F76CA5DE1}.Release|x64.ActiveCfg = Release|Any CPU
		{2A04FBEE-80CD-4F01-AFAB-236F76CA5DE1}.Release|x64.Build.0 = Release|Any CPU
		{2A04FBEE-80CD-4F01-AFAB-236F76CA5DE1}.Release|x86.ActiveCfg = Release|Any CPU
		{2A04FBEE-80CD-4F01-AFAB-236F76CA5DE1}.Release|x86.Build.0 = Release|Any CPU
		{7F991411-A089-4B08-800F-D06B010664E1}.Debug|Any CPU.ActiveCfg = Debug|Any CPU
		{7F991411-A089-4B08-800F-D06B010664E1}.Debug|Any CPU.Build.0 = Debug|Any CPU
		{7F991411-A089-4B08-800F-D06B010664E1}.Debug|ARM.ActiveCfg = Debug|Any CPU
		{7F991411-A089-4B08-800F-D06B010664E1}.Debug|ARM.Build.0 = Debug|Any CPU
		{7F991411-A089-4B08-800F-D06B010664E1}.Debug|ARM64.ActiveCfg = Debug|Any CPU
		{7F991411-A089-4B08-800F-D06B010664E1}.Debug|ARM64.Build.0 = Debug|Any CPU
		{7F991411-A089-4B08-800F-D06B010664E1}.Debug|x64.ActiveCfg = Debug|Any CPU
		{7F991411-A089-4B08-800F-D06B010664E1}.Debug|x64.Build.0 = Debug|Any CPU
		{7F991411-A089-4B08-800F-D06B010664E1}.Debug|x86.ActiveCfg = Debug|Any CPU
		{7F991411-A089-4B08-800F-D06B010664E1}.Debug|x86.Build.0 = Debug|Any CPU
		{7F991411-A089-4B08-800F-D06B010664E1}.Release|Any CPU.ActiveCfg = Release|Any CPU
		{7F991411-A089-4B08-800F-D06B010664E1}.Release|Any CPU.Build.0 = Release|Any CPU
		{7F991411-A089-4B08-800F-D06B010664E1}.Release|ARM.ActiveCfg = Release|Any CPU
		{7F991411-A089-4B08-800F-D06B010664E1}.Release|ARM.Build.0 = Release|Any CPU
		{7F991411-A089-4B08-800F-D06B010664E1}.Release|ARM64.ActiveCfg = Release|Any CPU
		{7F991411-A089-4B08-800F-D06B010664E1}.Release|ARM64.Build.0 = Release|Any CPU
		{7F991411-A089-4B08-800F-D06B010664E1}.Release|x64.ActiveCfg = Release|Any CPU
		{7F991411-A089-4B08-800F-D06B010664E1}.Release|x64.Build.0 = Release|Any CPU
		{7F991411-A089-4B08-800F-D06B010664E1}.Release|x86.ActiveCfg = Release|Any CPU
		{7F991411-A089-4B08-800F-D06B010664E1}.Release|x86.Build.0 = Release|Any CPU
		{CF5ED64F-1BEB-457A-A3F4-E7F5E22A00A3}.Debug|Any CPU.ActiveCfg = Debug|Any CPU
		{CF5ED64F-1BEB-457A-A3F4-E7F5E22A00A3}.Debug|Any CPU.Build.0 = Debug|Any CPU
		{CF5ED64F-1BEB-457A-A3F4-E7F5E22A00A3}.Debug|ARM.ActiveCfg = Debug|Any CPU
		{CF5ED64F-1BEB-457A-A3F4-E7F5E22A00A3}.Debug|ARM.Build.0 = Debug|Any CPU
		{CF5ED64F-1BEB-457A-A3F4-E7F5E22A00A3}.Debug|ARM64.ActiveCfg = Debug|Any CPU
		{CF5ED64F-1BEB-457A-A3F4-E7F5E22A00A3}.Debug|ARM64.Build.0 = Debug|Any CPU
		{CF5ED64F-1BEB-457A-A3F4-E7F5E22A00A3}.Debug|x64.ActiveCfg = Debug|Any CPU
		{CF5ED64F-1BEB-457A-A3F4-E7F5E22A00A3}.Debug|x64.Build.0 = Debug|Any CPU
		{CF5ED64F-1BEB-457A-A3F4-E7F5E22A00A3}.Debug|x86.ActiveCfg = Debug|Any CPU
		{CF5ED64F-1BEB-457A-A3F4-E7F5E22A00A3}.Debug|x86.Build.0 = Debug|Any CPU
		{CF5ED64F-1BEB-457A-A3F4-E7F5E22A00A3}.Release|Any CPU.ActiveCfg = Release|Any CPU
		{CF5ED64F-1BEB-457A-A3F4-E7F5E22A00A3}.Release|Any CPU.Build.0 = Release|Any CPU
		{CF5ED64F-1BEB-457A-A3F4-E7F5E22A00A3}.Release|ARM.ActiveCfg = Release|Any CPU
		{CF5ED64F-1BEB-457A-A3F4-E7F5E22A00A3}.Release|ARM.Build.0 = Release|Any CPU
		{CF5ED64F-1BEB-457A-A3F4-E7F5E22A00A3}.Release|ARM64.ActiveCfg = Release|Any CPU
		{CF5ED64F-1BEB-457A-A3F4-E7F5E22A00A3}.Release|ARM64.Build.0 = Release|Any CPU
		{CF5ED64F-1BEB-457A-A3F4-E7F5E22A00A3}.Release|x64.ActiveCfg = Release|Any CPU
		{CF5ED64F-1BEB-457A-A3F4-E7F5E22A00A3}.Release|x64.Build.0 = Release|Any CPU
		{CF5ED64F-1BEB-457A-A3F4-E7F5E22A00A3}.Release|x86.ActiveCfg = Release|Any CPU
		{CF5ED64F-1BEB-457A-A3F4-E7F5E22A00A3}.Release|x86.Build.0 = Release|Any CPU
		{693DD49E-B443-4E40-801E-DB3E05994E5B}.Debug|Any CPU.ActiveCfg = Debug|Any CPU
		{693DD49E-B443-4E40-801E-DB3E05994E5B}.Debug|Any CPU.Build.0 = Debug|Any CPU
		{693DD49E-B443-4E40-801E-DB3E05994E5B}.Debug|ARM.ActiveCfg = Debug|Any CPU
		{693DD49E-B443-4E40-801E-DB3E05994E5B}.Debug|ARM.Build.0 = Debug|Any CPU
		{693DD49E-B443-4E40-801E-DB3E05994E5B}.Debug|ARM64.ActiveCfg = Debug|Any CPU
		{693DD49E-B443-4E40-801E-DB3E05994E5B}.Debug|ARM64.Build.0 = Debug|Any CPU
		{693DD49E-B443-4E40-801E-DB3E05994E5B}.Debug|x64.ActiveCfg = Debug|Any CPU
		{693DD49E-B443-4E40-801E-DB3E05994E5B}.Debug|x64.Build.0 = Debug|Any CPU
		{693DD49E-B443-4E40-801E-DB3E05994E5B}.Debug|x86.ActiveCfg = Debug|Any CPU
		{693DD49E-B443-4E40-801E-DB3E05994E5B}.Debug|x86.Build.0 = Debug|Any CPU
		{693DD49E-B443-4E40-801E-DB3E05994E5B}.Release|Any CPU.ActiveCfg = Release|Any CPU
		{693DD49E-B443-4E40-801E-DB3E05994E5B}.Release|Any CPU.Build.0 = Release|Any CPU
		{693DD49E-B443-4E40-801E-DB3E05994E5B}.Release|ARM.ActiveCfg = Release|Any CPU
		{693DD49E-B443-4E40-801E-DB3E05994E5B}.Release|ARM.Build.0 = Release|Any CPU
		{693DD49E-B443-4E40-801E-DB3E05994E5B}.Release|ARM64.ActiveCfg = Release|Any CPU
		{693DD49E-B443-4E40-801E-DB3E05994E5B}.Release|ARM64.Build.0 = Release|Any CPU
		{693DD49E-B443-4E40-801E-DB3E05994E5B}.Release|x64.ActiveCfg = Release|Any CPU
		{693DD49E-B443-4E40-801E-DB3E05994E5B}.Release|x64.Build.0 = Release|Any CPU
		{693DD49E-B443-4E40-801E-DB3E05994E5B}.Release|x86.ActiveCfg = Release|Any CPU
		{693DD49E-B443-4E40-801E-DB3E05994E5B}.Release|x86.Build.0 = Release|Any CPU
		{4185E602-78E6-4942-9D15-F1041E140B4B}.Debug|Any CPU.ActiveCfg = Debug|Any CPU
		{4185E602-78E6-4942-9D15-F1041E140B4B}.Debug|Any CPU.Build.0 = Debug|Any CPU
		{4185E602-78E6-4942-9D15-F1041E140B4B}.Debug|ARM.ActiveCfg = Debug|Any CPU
		{4185E602-78E6-4942-9D15-F1041E140B4B}.Debug|ARM.Build.0 = Debug|Any CPU
		{4185E602-78E6-4942-9D15-F1041E140B4B}.Debug|ARM64.ActiveCfg = Debug|Any CPU
		{4185E602-78E6-4942-9D15-F1041E140B4B}.Debug|ARM64.Build.0 = Debug|Any CPU
		{4185E602-78E6-4942-9D15-F1041E140B4B}.Debug|x64.ActiveCfg = Debug|Any CPU
		{4185E602-78E6-4942-9D15-F1041E140B4B}.Debug|x64.Build.0 = Debug|Any CPU
		{4185E602-78E6-4942-9D15-F1041E140B4B}.Debug|x86.ActiveCfg = Debug|Any CPU
		{4185E602-78E6-4942-9D15-F1041E140B4B}.Debug|x86.Build.0 = Debug|Any CPU
		{4185E602-78E6-4942-9D15-F1041E140B4B}.Release|Any CPU.ActiveCfg = Release|Any CPU
		{4185E602-78E6-4942-9D15-F1041E140B4B}.Release|Any CPU.Build.0 = Release|Any CPU
		{4185E602-78E6-4942-9D15-F1041E140B4B}.Release|ARM.ActiveCfg = Release|Any CPU
		{4185E602-78E6-4942-9D15-F1041E140B4B}.Release|ARM.Build.0 = Release|Any CPU
		{4185E602-78E6-4942-9D15-F1041E140B4B}.Release|ARM64.ActiveCfg = Release|Any CPU
		{4185E602-78E6-4942-9D15-F1041E140B4B}.Release|ARM64.Build.0 = Release|Any CPU
		{4185E602-78E6-4942-9D15-F1041E140B4B}.Release|x64.ActiveCfg = Release|Any CPU
		{4185E602-78E6-4942-9D15-F1041E140B4B}.Release|x64.Build.0 = Release|Any CPU
		{4185E602-78E6-4942-9D15-F1041E140B4B}.Release|x86.ActiveCfg = Release|Any CPU
		{4185E602-78E6-4942-9D15-F1041E140B4B}.Release|x86.Build.0 = Release|Any CPU
		{C19B1630-2A83-4A53-BEFB-8E873E170024}.Debug|Any CPU.ActiveCfg = Debug|Any CPU
		{C19B1630-2A83-4A53-BEFB-8E873E170024}.Debug|Any CPU.Build.0 = Debug|Any CPU
		{C19B1630-2A83-4A53-BEFB-8E873E170024}.Debug|ARM.ActiveCfg = Debug|Any CPU
		{C19B1630-2A83-4A53-BEFB-8E873E170024}.Debug|ARM.Build.0 = Debug|Any CPU
		{C19B1630-2A83-4A53-BEFB-8E873E170024}.Debug|ARM64.ActiveCfg = Debug|Any CPU
		{C19B1630-2A83-4A53-BEFB-8E873E170024}.Debug|ARM64.Build.0 = Debug|Any CPU
		{C19B1630-2A83-4A53-BEFB-8E873E170024}.Debug|x64.ActiveCfg = Debug|Any CPU
		{C19B1630-2A83-4A53-BEFB-8E873E170024}.Debug|x64.Build.0 = Debug|Any CPU
		{C19B1630-2A83-4A53-BEFB-8E873E170024}.Debug|x86.ActiveCfg = Debug|Any CPU
		{C19B1630-2A83-4A53-BEFB-8E873E170024}.Debug|x86.Build.0 = Debug|Any CPU
		{C19B1630-2A83-4A53-BEFB-8E873E170024}.Release|Any CPU.ActiveCfg = Debug|Any CPU
		{C19B1630-2A83-4A53-BEFB-8E873E170024}.Release|Any CPU.Build.0 = Debug|Any CPU
		{C19B1630-2A83-4A53-BEFB-8E873E170024}.Release|ARM.ActiveCfg = Debug|Any CPU
		{C19B1630-2A83-4A53-BEFB-8E873E170024}.Release|ARM.Build.0 = Debug|Any CPU
		{C19B1630-2A83-4A53-BEFB-8E873E170024}.Release|ARM64.ActiveCfg = Debug|Any CPU
		{C19B1630-2A83-4A53-BEFB-8E873E170024}.Release|ARM64.Build.0 = Debug|Any CPU
		{C19B1630-2A83-4A53-BEFB-8E873E170024}.Release|x64.ActiveCfg = Debug|Any CPU
		{C19B1630-2A83-4A53-BEFB-8E873E170024}.Release|x64.Build.0 = Debug|Any CPU
		{C19B1630-2A83-4A53-BEFB-8E873E170024}.Release|x86.ActiveCfg = Debug|Any CPU
		{C19B1630-2A83-4A53-BEFB-8E873E170024}.Release|x86.Build.0 = Debug|Any CPU
		{D98778B9-930F-4243-A389-7FF4440BAFD5}.Debug|Any CPU.ActiveCfg = Debug|Any CPU
		{D98778B9-930F-4243-A389-7FF4440BAFD5}.Debug|Any CPU.Build.0 = Debug|Any CPU
		{D98778B9-930F-4243-A389-7FF4440BAFD5}.Debug|ARM.ActiveCfg = Debug|Any CPU
		{D98778B9-930F-4243-A389-7FF4440BAFD5}.Debug|ARM.Build.0 = Debug|Any CPU
		{D98778B9-930F-4243-A389-7FF4440BAFD5}.Debug|ARM64.ActiveCfg = Debug|Any CPU
		{D98778B9-930F-4243-A389-7FF4440BAFD5}.Debug|ARM64.Build.0 = Debug|Any CPU
		{D98778B9-930F-4243-A389-7FF4440BAFD5}.Debug|x64.ActiveCfg = Debug|Any CPU
		{D98778B9-930F-4243-A389-7FF4440BAFD5}.Debug|x64.Build.0 = Debug|Any CPU
		{D98778B9-930F-4243-A389-7FF4440BAFD5}.Debug|x86.ActiveCfg = Debug|Any CPU
		{D98778B9-930F-4243-A389-7FF4440BAFD5}.Debug|x86.Build.0 = Debug|Any CPU
		{D98778B9-930F-4243-A389-7FF4440BAFD5}.Release|Any CPU.ActiveCfg = Release|Any CPU
		{D98778B9-930F-4243-A389-7FF4440BAFD5}.Release|Any CPU.Build.0 = Release|Any CPU
		{D98778B9-930F-4243-A389-7FF4440BAFD5}.Release|ARM.ActiveCfg = Release|Any CPU
		{D98778B9-930F-4243-A389-7FF4440BAFD5}.Release|ARM.Build.0 = Release|Any CPU
		{D98778B9-930F-4243-A389-7FF4440BAFD5}.Release|ARM64.ActiveCfg = Release|Any CPU
		{D98778B9-930F-4243-A389-7FF4440BAFD5}.Release|ARM64.Build.0 = Release|Any CPU
		{D98778B9-930F-4243-A389-7FF4440BAFD5}.Release|x64.ActiveCfg = Release|Any CPU
		{D98778B9-930F-4243-A389-7FF4440BAFD5}.Release|x64.Build.0 = Release|Any CPU
		{D98778B9-930F-4243-A389-7FF4440BAFD5}.Release|x86.ActiveCfg = Release|Any CPU
		{D98778B9-930F-4243-A389-7FF4440BAFD5}.Release|x86.Build.0 = Release|Any CPU
	EndGlobalSection
	GlobalSection(SolutionProperties) = preSolution
		HideSolutionNode = FALSE
	EndGlobalSection
	GlobalSection(ExtensibilityGlobals) = postSolution
		SolutionGuid = {C7DFE687-934F-40FA-B80B-DC91C6F1AEAD}
	EndGlobalSection
EndGlobal
