
Microsoft Visual Studio Solution File, Format Version 12.00
# Visual Studio 15
VisualStudioVersion = 15.0.28307.779
MinimumVisualStudioVersion = 10.0.40219.1
Project("{FAE04EC0-301F-11D3-BF4B-00C04F79EFBC}") = "Chicken", "Project_2\Chicken.csproj", "{CED1C618-CBE3-4C84-ADC6-605D4E55F12D}"
EndProject
Project("{FAE04EC0-301F-11D3-BF4B-00C04F79EFBC}") = "e-business", "e-business\e-business.csproj", "{ED37712D-2BD0-404A-86C3-5DCBA35EE1B5}"
EndProject
Global
	GlobalSection(SolutionConfigurationPlatforms) = preSolution
		Debug|Any CPU = Debug|Any CPU
		Debug|ARM = Debug|ARM
		Debug|ARM64 = Debug|ARM64
		Debug|x64 = Debug|x64
		Debug|x86 = Debug|x86
		Release|Any CPU = Release|Any CPU
		Release|ARM = Release|ARM
		Release|ARM64 = Release|ARM64
		Release|x64 = Release|x64
		Release|x86 = Release|x86
	EndGlobalSection
	GlobalSection(ProjectConfigurationPlatforms) = postSolution
		{CED1C618-CBE3-4C84-ADC6-605D4E55F12D}.Debug|Any CPU.ActiveCfg = Debug|Any CPU
		{CED1C618-CBE3-4C84-ADC6-605D4E55F12D}.Debug|Any CPU.Build.0 = Debug|Any CPU
		{CED1C618-CBE3-4C84-ADC6-605D4E55F12D}.Debug|ARM.ActiveCfg = Debug|Any CPU
		{CED1C618-CBE3-4C84-ADC6-605D4E55F12D}.Debug|ARM.Build.0 = Debug|Any CPU
		{CED1C618-CBE3-4C84-ADC6-605D4E55F12D}.Debug|ARM64.ActiveCfg = Debug|Any CPU
		{CED1C618-CBE3-4C84-ADC6-605D4E55F12D}.Debug|ARM64.Build.0 = Debug|Any CPU
		{CED1C618-CBE3-4C84-ADC6-605D4E55F12D}.Debug|x64.ActiveCfg = Debug|Any CPU
		{CED1C618-CBE3-4C84-ADC6-605D4E55F12D}.Debug|x64.Build.0 = Debug|Any CPU
		{CED1C618-CBE3-4C84-ADC6-605D4E55F12D}.Debug|x86.ActiveCfg = Debug|Any CPU
		{CED1C618-CBE3-4C84-ADC6-605D4E55F12D}.Debug|x86.Build.0 = Debug|Any CPU
		{CED1C618-CBE3-4C84-ADC6-605D4E55F12D}.Release|Any CPU.ActiveCfg = Release|Any CPU
		{CED1C618-CBE3-4C84-ADC6-605D4E55F12D}.Release|Any CPU.Build.0 = Release|Any CPU
		{CED1C618-CBE3-4C84-ADC6-605D4E55F12D}.Release|ARM.ActiveCfg = Release|Any CPU
		{CED1C618-CBE3-4C84-ADC6-605D4E55F12D}.Release|ARM.Build.0 = Release|Any CPU
		{CED1C618-CBE3-4C84-ADC6-605D4E55F12D}.Release|ARM64.ActiveCfg = Release|Any CPU
		{CED1C618-CBE3-4C84-ADC6-605D4E55F12D}.Release|ARM64.Build.0 = Release|Any CPU
		{CED1C618-CBE3-4C84-ADC6-605D4E55F12D}.Release|x64.ActiveCfg = Release|Any CPU
		{CED1C618-CBE3-4C84-ADC6-605D4E55F12D}.Release|x64.Build.0 = Release|Any CPU
		{CED1C618-CBE3-4C84-ADC6-605D4E55F12D}.Release|x86.ActiveCfg = Release|Any CPU
		{CED1C618-CBE3-4C84-ADC6-605D4E55F12D}.Release|x86.Build.0 = Release|Any CPU
		{ED37712D-2BD0-404A-86C3-5DCBA35EE1B5}.Debug|Any CPU.ActiveCfg = Debug|Any CPU
		{ED37712D-2BD0-404A-86C3-5DCBA35EE1B5}.Debug|Any CPU.Build.0 = Debug|Any CPU
		{ED37712D-2BD0-404A-86C3-5DCBA35EE1B5}.Debug|ARM.ActiveCfg = Debug|Any CPU
		{ED37712D-2BD0-404A-86C3-5DCBA35EE1B5}.Debug|ARM.Build.0 = Debug|Any CPU
		{ED37712D-2BD0-404A-86C3-5DCBA35EE1B5}.Debug|ARM64.ActiveCfg = Debug|Any CPU
		{ED37712D-2BD0-404A-86C3-5DCBA35EE1B5}.Debug|ARM64.Build.0 = Debug|Any CPU
		{ED37712D-2BD0-404A-86C3-5DCBA35EE1B5}.Debug|x64.ActiveCfg = Debug|Any CPU
		{ED37712D-2BD0-404A-86C3-5DCBA35EE1B5}.Debug|x64.Build.0 = Debug|Any CPU
		{ED37712D-2BD0-404A-86C3-5DCBA35EE1B5}.Debug|x86.ActiveCfg = Debug|Any CPU
		{ED37712D-2BD0-404A-86C3-5DCBA35EE1B5}.Debug|x86.Build.0 = Debug|Any CPU
		{ED37712D-2BD0-404A-86C3-5DCBA35EE1B5}.Release|Any CPU.ActiveCfg = Release|Any CPU
		{ED37712D-2BD0-404A-86C3-5DCBA35EE1B5}.Release|Any CPU.Build.0 = Release|Any CPU
		{ED37712D-2BD0-404A-86C3-5DCBA35EE1B5}.Release|ARM.ActiveCfg = Release|Any CPU
		{ED37712D-2BD0-404A-86C3-5DCBA35EE1B5}.Release|ARM.Build.0 = Release|Any CPU
		{ED37712D-2BD0-404A-86C3-5DCBA35EE1B5}.Release|ARM64.ActiveCfg = Release|Any CPU
		{ED37712D-2BD0-404A-86C3-5DCBA35EE1B5}.Release|ARM64.Build.0 = Release|Any CPU
		{ED37712D-2BD0-404A-86C3-5DCBA35EE1B5}.Release|x64.ActiveCfg = Release|Any CPU
		{ED37712D-2BD0-404A-86C3-5DCBA35EE1B5}.Release|x64.Build.0 = Release|Any CPU
		{ED37712D-2BD0-404A-86C3-5DCBA35EE1B5}.Release|x86.ActiveCfg = Release|Any CPU
		{ED37712D-2BD0-404A-86C3-5DCBA35EE1B5}.Release|x86.Build.0 = Release|Any CPU
	EndGlobalSection
	GlobalSection(SolutionProperties) = preSolution
		HideSolutionNode = FALSE
	EndGlobalSection
	GlobalSection(ExtensibilityGlobals) = postSolution
		SolutionGuid = {A3A872CC-5690-4B5F-992F-EB255CB85030}
	EndGlobalSection
EndGlobal
